
Microsoft Visual Studio Solution File, Format Version 12.00
# Visual Studio Version 16
VisualStudioVersion = 16.0.30621.155
MinimumVisualStudioVersion = 10.0.40219.1
Project("{9A19103F-16F7-4668-BE54-9A1E7A4F7556}") = "HashBL", "HashBL\HashBL.csproj", "{3120630E-4490-4193-9FBB-B61C0C5AF7A9}"
EndProject
Project("{9A19103F-16F7-4668-BE54-9A1E7A4F7556}") = "AppUI", "AppUI\AppUI.csproj", "{62C74A72-A584-4647-A1AF-CECA76BE8478}"
EndProject
Project("{FAE04EC0-301F-11D3-BF4B-00C04F79EFBC}") = "AppUITests", "AppUITests\AppUITests.csproj", "{A031079B-8741-4535-A210-16DAFDF6D481}"
EndProject
Global
	GlobalSection(SolutionConfigurationPlatforms) = preSolution
		Debug|Any CPU = Debug|Any CPU
		Release|Any CPU = Release|Any CPU
	EndGlobalSection
	GlobalSection(ProjectConfigurationPlatforms) = postSolution
		{3120630E-4490-4193-9FBB-B61C0C5AF7A9}.Debug|Any CPU.ActiveCfg = Debug|Any CPU
		{3120630E-4490-4193-9FBB-B61C0C5AF7A9}.Debug|Any CPU.Build.0 = Debug|Any CPU
		{3120630E-4490-4193-9FBB-B61C0C5AF7A9}.Release|Any CPU.ActiveCfg = Release|Any CPU
		{3120630E-4490-4193-9FBB-B61C0C5AF7A9}.Release|Any CPU.Build.0 = Release|Any CPU
		{62C74A72-A584-4647-A1AF-CECA76BE8478}.Debug|Any CPU.ActiveCfg = Debug|Any CPU
		{62C74A72-A584-4647-A1AF-CECA76BE8478}.Debug|Any CPU.Build.0 = Debug|Any CPU
		{62C74A72-A584-4647-A1AF-CECA76BE8478}.Release|Any CPU.ActiveCfg = Release|Any CPU
		{62C74A72-A584-4647-A1AF-CECA76BE8478}.Release|Any CPU.Build.0 = Release|Any CPU
		{A031079B-8741-4535-A210-16DAFDF6D481}.Debug|Any CPU.ActiveCfg = Debug|Any CPU
		{A031079B-8741-4535-A210-16DAFDF6D481}.Debug|Any CPU.Build.0 = Debug|Any CPU
		{A031079B-8741-4535-A210-16DAFDF6D481}.Release|Any CPU.ActiveCfg = Release|Any CPU
		{A031079B-8741-4535-A210-16DAFDF6D481}.Release|Any CPU.Build.0 = Release|Any CPU
	EndGlobalSection
	GlobalSection(SolutionProperties) = preSolution
		HideSolutionNode = FALSE
	EndGlobalSection
	GlobalSection(ExtensibilityGlobals) = postSolution
		SolutionGuid = {6A663758-AF30-4AE1-8CE5-B87E03921C25}
	EndGlobalSection
EndGlobal
